
Microsoft Visual Studio Solution File, Format Version 12.00
# Visual Studio Version 17
VisualStudioVersion = 17.11.35201.85
MinimumVisualStudioVersion = 10.0.40219.1
Project("{9A19103F-16F7-4668-BE54-9A1E7A4F7556}") = "GraphlitIngest", "GraphlitIngest.csproj", "{D97F54F3-2649-462E-819F-048C993CB048}"
EndProject
Global
	GlobalSection(SolutionConfigurationPlatforms) = preSolution
		Debug|Any CPU = Debug|Any CPU
		Release|Any CPU = Release|Any CPU
	EndGlobalSection
	GlobalSection(ProjectConfigurationPlatforms) = postSolution
		{D97F54F3-2649-462E-819F-048C993CB048}.Debug|Any CPU.ActiveCfg = Debug|Any CPU
		{D97F54F3-2649-462E-819F-048C993CB048}.Debug|Any CPU.Build.0 = Debug|Any CPU
		{D97F54F3-2649-462E-819F-048C993CB048}.Release|Any CPU.ActiveCfg = Release|Any CPU
		{D97F54F3-2649-462E-819F-048C993CB048}.Release|Any CPU.Build.0 = Release|Any CPU
	EndGlobalSection
	GlobalSection(SolutionProperties) = preSolution
		HideSolutionNode = FALSE
	EndGlobalSection
	GlobalSection(ExtensibilityGlobals) = postSolution
		SolutionGuid = {E9E32988-5F70-426A-9A95-917763C2A67B}
	EndGlobalSection
EndGlobal
